
Microsoft Visual Studio Solution File, Format Version 12.00
# Visual Studio 15
VisualStudioVersion = 15.0.27703.2035
MinimumVisualStudioVersion = 10.0.40219.1
Project("{FAE04EC0-301F-11D3-BF4B-00C04F79EFBC}") = "Rekenmachine", "Rekenmachine\Rekenmachine.csproj", "{3662D1DB-5DAD-48FE-A476-CFC38787136E}"
EndProject
Global
	GlobalSection(SolutionConfigurationPlatforms) = preSolution
		Debug|Any CPU = Debug|Any CPU
		Release|Any CPU = Release|Any CPU
	EndGlobalSection
	GlobalSection(ProjectConfigurationPlatforms) = postSolution
		{3662D1DB-5DAD-48FE-A476-CFC38787136E}.Debug|Any CPU.ActiveCfg = Debug|Any CPU
		{3662D1DB-5DAD-48FE-A476-CFC38787136E}.Debug|Any CPU.Build.0 = Debug|Any CPU
		{3662D1DB-5DAD-48FE-A476-CFC38787136E}.Release|Any CPU.ActiveCfg = Release|Any CPU
		{3662D1DB-5DAD-48FE-A476-CFC38787136E}.Release|Any CPU.Build.0 = Release|Any CPU
	EndGlobalSection
	GlobalSection(SolutionProperties) = preSolution
		HideSolutionNode = FALSE
	EndGlobalSection
	GlobalSection(ExtensibilityGlobals) = postSolution
		SolutionGuid = {C24217A1-5C69-498A-AF67-20CB262330EA}
	EndGlobalSection
EndGlobal
