
Microsoft Visual Studio Solution File, Format Version 12.00
# Visual Studio 15
VisualStudioVersion = 15.0.27703.2035
MinimumVisualStudioVersion = 10.0.40219.1
Project("{FAE04EC0-301F-11D3-BF4B-00C04F79EFBC}") = "Collecties", "Collecties\Collecties.csproj", "{1E7ECABA-3FE2-404B-94D2-8F43F87491CA}"
EndProject
Project("{FAE04EC0-301F-11D3-BF4B-00C04F79EFBC}") = "Functies", "Functies\Functies.csproj", "{8C8D667D-1C99-4023-AE51-0D032E240130}"
EndProject
Project("{FAE04EC0-301F-11D3-BF4B-00C04F79EFBC}") = "MoreCollections", "MoreCollections\MoreCollections.csproj", "{3A1AA579-2A36-4A17-9610-51D1696CF4A5}"
EndProject
Project("{FAE04EC0-301F-11D3-BF4B-00C04F79EFBC}") = "Kaartspel", "Kaartspel\Kaartspel.csproj", "{32A7A32A-6BBA-441D-97E5-DDBD69D6FE7E}"
EndProject
Global
	GlobalSection(SolutionConfigurationPlatforms) = preSolution
		Debug|Any CPU = Debug|Any CPU
		Release|Any CPU = Release|Any CPU
	EndGlobalSection
	GlobalSection(ProjectConfigurationPlatforms) = postSolution
		{1E7ECABA-3FE2-404B-94D2-8F43F87491CA}.Debug|Any CPU.ActiveCfg = Debug|Any CPU
		{1E7ECABA-3FE2-404B-94D2-8F43F87491CA}.Debug|Any CPU.Build.0 = Debug|Any CPU
		{1E7ECABA-3FE2-404B-94D2-8F43F87491CA}.Release|Any CPU.ActiveCfg = Release|Any CPU
		{1E7ECABA-3FE2-404B-94D2-8F43F87491CA}.Release|Any CPU.Build.0 = Release|Any CPU
		{8C8D667D-1C99-4023-AE51-0D032E240130}.Debug|Any CPU.ActiveCfg = Debug|Any CPU
		{8C8D667D-1C99-4023-AE51-0D032E240130}.Debug|Any CPU.Build.0 = Debug|Any CPU
		{8C8D667D-1C99-4023-AE51-0D032E240130}.Release|Any CPU.ActiveCfg = Release|Any CPU
		{8C8D667D-1C99-4023-AE51-0D032E240130}.Release|Any CPU.Build.0 = Release|Any CPU
		{3A1AA579-2A36-4A17-9610-51D1696CF4A5}.Debug|Any CPU.ActiveCfg = Debug|Any CPU
		{3A1AA579-2A36-4A17-9610-51D1696CF4A5}.Debug|Any CPU.Build.0 = Debug|Any CPU
		{3A1AA579-2A36-4A17-9610-51D1696CF4A5}.Release|Any CPU.ActiveCfg = Release|Any CPU
		{3A1AA579-2A36-4A17-9610-51D1696CF4A5}.Release|Any CPU.Build.0 = Release|Any CPU
		{32A7A32A-6BBA-441D-97E5-DDBD69D6FE7E}.Debug|Any CPU.ActiveCfg = Debug|Any CPU
		{32A7A32A-6BBA-441D-97E5-DDBD69D6FE7E}.Debug|Any CPU.Build.0 = Debug|Any CPU
		{32A7A32A-6BBA-441D-97E5-DDBD69D6FE7E}.Release|Any CPU.ActiveCfg = Release|Any CPU
		{32A7A32A-6BBA-441D-97E5-DDBD69D6FE7E}.Release|Any CPU.Build.0 = Release|Any CPU
	EndGlobalSection
	GlobalSection(SolutionProperties) = preSolution
		HideSolutionNode = FALSE
	EndGlobalSection
	GlobalSection(ExtensibilityGlobals) = postSolution
		SolutionGuid = {0F60572B-92B9-437F-9273-81BA87FFFCD4}
	EndGlobalSection
EndGlobal
